
Microsoft Visual Studio Solution File, Format Version 12.00
# Visual Studio Version 17
VisualStudioVersion = 17.0.31919.166
MinimumVisualStudioVersion = 10.0.40219.1
Project("{FAE04EC0-301F-11D3-BF4B-00C04F79EFBC}") = "Pointer", "Pointer\Pointer.csproj", "{894D7921-2948-48DC-8C8B-0D7331B37874}"
EndProject
Global
	GlobalSection(SolutionConfigurationPlatforms) = preSolution
		Debug|Any CPU = Debug|Any CPU
		Release|Any CPU = Release|Any CPU
	EndGlobalSection
	GlobalSection(ProjectConfigurationPlatforms) = postSolution
		{894D7921-2948-48DC-8C8B-0D7331B37874}.Debug|Any CPU.ActiveCfg = Debug|Any CPU
		{894D7921-2948-48DC-8C8B-0D7331B37874}.Debug|Any CPU.Build.0 = Debug|Any CPU
		{894D7921-2948-48DC-8C8B-0D7331B37874}.Release|Any CPU.ActiveCfg = Release|Any CPU
		{894D7921-2948-48DC-8C8B-0D7331B37874}.Release|Any CPU.Build.0 = Release|Any CPU
	EndGlobalSection
	GlobalSection(SolutionProperties) = preSolution
		HideSolutionNode = FALSE
	EndGlobalSection
	GlobalSection(ExtensibilityGlobals) = postSolution
		SolutionGuid = {EF7DE707-A917-45B2-86EC-4A3570591B6C}
	EndGlobalSection
EndGlobal
